// !$*UTF8*$!
{
	archiveVersion = 1;
	classes = {
	};
	objectVersion = 50;
	objects = {

/* Begin PBXBuildFile section */
		293802C3221BF3A100BB2B16 /* AppDelegate.swift in Sources */ = {isa = PBXBuildFile; fileRef = 293802C2221BF3A100BB2B16 /* AppDelegate.swift */; };
		293802C5221BF3A100BB2B16 /* ViewController.swift in Sources */ = {isa = PBXBuildFile; fileRef = 293802C4221BF3A100BB2B16 /* ViewController.swift */; };
		293802C8221BF3A100BB2B16 /* Main.storyboard in Resources */ = {isa = PBXBuildFile; fileRef = 293802C6221BF3A100BB2B16 /* Main.storyboard */; };
		293802CA221BF3A200BB2B16 /* Assets.xcassets in Resources */ = {isa = PBXBuildFile; fileRef = 293802C9221BF3A200BB2B16 /* Assets.xcassets */; };
		293802CD221BF3A200BB2B16 /* LaunchScreen.storyboard in Resources */ = {isa = PBXBuildFile; fileRef = 293802CB221BF3A200BB2B16 /* LaunchScreen.storyboard */; };
		293802D5221BF41100BB2B16 /* CellTableViewCell.swift in Sources */ = {isa = PBXBuildFile; fileRef = 293802D4221BF41100BB2B16 /* CellTableViewCell.swift */; };
		293802D7221BF7BB00BB2B16 /* TagBox.swift in Sources */ = {isa = PBXBuildFile; fileRef = 293802D6221BF7BB00BB2B16 /* TagBox.swift */; };
/* End PBXBuildFile section */

/* Begin PBXFileReference section */
		293802BF221BF3A100BB2B16 /* SubviewInTableViewExperiment.app */ = {isa = PBXFileReference; explicitFileType = wrapper.application; includeInIndex = 0; path = SubviewInTableViewExperiment.app; sourceTree = BUILT_PRODUCTS_DIR; };
		293802C2221BF3A100BB2B16 /* AppDelegate.swift */ = {isa = PBXFileReference; lastKnownFileType = sourcecode.swift; path = AppDelegate.swift; sourceTree = "<group>"; };
		293802C4221BF3A100BB2B16 /* ViewController.swift */ = {isa = PBXFileReference; lastKnownFileType = sourcecode.swift; path = ViewController.swift; sourceTree = "<group>"; };
		293802C7221BF3A100BB2B16 /* Base */ = {isa = PBXFileReference; lastKnownFileType = file.storyboard; name = Base; path = Base.lproj/Main.storyboard; sourceTree = "<group>"; };
		293802C9221BF3A200BB2B16 /* Assets.xcassets */ = {isa = PBXFileReference; lastKnownFileType = folder.assetcatalog; path = Assets.xcassets; sourceTree = "<group>"; };
		293802CC221BF3A200BB2B16 /* Base */ = {isa = PBXFileReference; lastKnownFileType = file.storyboard; name = Base; path = Base.lproj/LaunchScreen.storyboard; sourceTree = "<group>"; };
		293802CE221BF3A200BB2B16 /* Info.plist */ = {isa = PBXFileReference; lastKnownFileType = text.plist.xml; path = Info.plist; sourceTree = "<group>"; };
		293802D4221BF41100BB2B16 /* CellTableViewCell.swift */ = {isa = PBXFileReference; lastKnownFileType = sourcecode.swift; path = CellTableViewCell.swift; sourceTree = "<group>"; };
		293802D6221BF7BB00BB2B16 /* TagBox.swift */ = {isa = PBXFileReference; fileEncoding = 4; lastKnownFileType = sourcecode.swift; path = TagBox.swift; sourceTree = "<group>"; };
/* End PBXFileReference section */

/* Begin PBXFrameworksBuildPhase section */
		293802BC221BF3A100BB2B16 /* Frameworks */ = {
			isa = PBXFrameworksBuildPhase;
			buildActionMask = 2147483647;
			files = (
			);
			runOnlyForDeploymentPostprocessing = 0;
		};
/* End PBXFrameworksBuildPhase section */

/* Begin PBXGroup section */
		293802B6221BF3A100BB2B16 = {
			isa = PBXGroup;
			children = (
				293802C1221BF3A100BB2B16 /* SubviewInTableViewExperiment */,
				293802C0221BF3A100BB2B16 /* Products */,
			);
			sourceTree = "<group>";
		};
		293802C0221BF3A100BB2B16 /* Products */ = {
			isa = PBXGroup;
			children = (
				293802BF221BF3A100BB2B16 /* SubviewInTableViewExperiment.app */,
			);
			name = Products;
			sourceTree = "<group>";
		};
		293802C1221BF3A100BB2B16 /* SubviewInTableViewExperiment */ = {
			isa = PBXGroup;
			children = (
				293802C2221BF3A100BB2B16 /* AppDelegate.swift */,
				293802C4221BF3A100BB2B16 /* ViewController.swift */,
				293802C6221BF3A100BB2B16 /* Main.storyboard */,
				293802C9221BF3A200BB2B16 /* Assets.xcassets */,
				293802CB221BF3A200BB2B16 /* LaunchScreen.storyboard */,
				293802CE221BF3A200BB2B16 /* Info.plist */,
				293802D4221BF41100BB2B16 /* CellTableViewCell.swift */,
				293802D6221BF7BB00BB2B16 /* TagBox.swift */,
			);
			path = SubviewInTableViewExperiment;
			sourceTree = "<group>";
		};
/* End PBXGroup section */

/* Begin PBXNativeTarget section */
		293802BE221BF3A100BB2B16 /* SubviewInTableViewExperiment */ = {
			isa = PBXNativeTarget;
			buildConfigurationList = 293802D1221BF3A200BB2B16 /* Build configuration list for PBXNativeTarget "SubviewInTableViewExperiment" */;
			buildPhases = (
				293802BB221BF3A100BB2B16 /* Sources */,
				293802BC221BF3A100BB2B16 /* Frameworks */,
				293802BD221BF3A100BB2B16 /* Resources */,
			);
			buildRules = (
			);
			dependencies = (
			);
			name = SubviewInTableViewExperiment;
			productName = SubviewInTableViewExperiment;
			productReference = 293802BF221BF3A100BB2B16 /* SubviewInTableViewExperiment.app */;
			productType = "com.apple.product-type.application";
		};
/* End PBXNativeTarget section */

/* Begin PBXProject section */
		293802B7221BF3A100BB2B16 /* Project object */ = {
			isa = PBXProject;
			attributes = {
				LastSwiftUpdateCheck = 1000;
				LastUpgradeCheck = 1000;
				ORGANIZATIONNAME = "Gior Fasolini";
				TargetAttributes = {
					293802BE221BF3A100BB2B16 = {
						CreatedOnToolsVersion = 10.0;
					};
				};
			};
			buildConfigurationList = 293802BA221BF3A100BB2B16 /* Build configuration list for PBXProject "SubviewInTableViewExperiment" */;
			compatibilityVersion = "Xcode 9.3";
			developmentRegion = en;
			hasScannedForEncodings = 0;
			knownRegions = (
				en,
				Base,
			);
			mainGroup = 293802B6221BF3A100BB2B16;
			productRefGroup = 293802C0221BF3A100BB2B16 /* Products */;
			projectDirPath = "";
			projectRoot = "";
			targets = (
				293802BE221BF3A100BB2B16 /* SubviewInTableViewExperiment */,
			);
		};
/* End PBXProject section */

/* Begin PBXResourcesBuildPhase section */
		293802BD221BF3A100BB2B16 /* Resources */ = {
			isa = PBXResourcesBuildPhase;
			buildActionMask = 2147483647;
			files = (
				293802CD221BF3A200BB2B16 /* LaunchScreen.storyboard in Resources */,
				293802CA221BF3A200BB2B16 /* Assets.xcassets in Resources */,
				293802C8221BF3A100BB2B16 /* Main.storyboard in Resources */,
			);
			runOnlyForDeploymentPostprocessing = 0;
		};
/* End PBXResourcesBuildPhase section */

/* Begin PBXSourcesBuildPhase section */
		293802BB221BF3A100BB2B16 /* Sources */ = {
			isa = PBXSourcesBuildPhase;
			buildActionMask = 2147483647;
			files = (
				293802D7221BF7BB00BB2B16 /* TagBox.swift in Sources */,
				293802D5221BF41100BB2B16 /* CellTableViewCell.swift in Sources */,
				293802C5221BF3A100BB2B16 /* ViewController.swift in Sources */,
				293802C3221BF3A100BB2B16 /* AppDelegate.swift in Sources */,
			);
			runOnlyForDeploymentPostprocessing = 0;
		};
/* End PBXSourcesBuildPhase section */

/* Begin PBXVariantGroup section */
		293802C6221BF3A100BB2B16 /* Main.storyboard */ = {
			isa = PBXVariantGroup;
			children = (
				293802C7221BF3A100BB2B16 /* Base */,
			);
			name = Main.storyboard;
			sourceTree = "<group>";
		};
		293802CB221BF3A200BB2B16 /* LaunchScreen.storyboard */ = {
			isa = PBXVariantGroup;
			children = (
				293802CC221BF3A200BB2B16 /* Base */,
			);
			name = LaunchScreen.storyboard;
			sourceTree = "<group>";
		};
/* End PBXVariantGroup section */

/* Begin XCBuildConfiguration section */
		293802CF221BF3A200BB2B16 /* Debug */ = {
			isa = XCBuildConfiguration;
			buildSettings = {
				ALWAYS_SEARCH_USER_PATHS = NO;
				CLANG_ANALYZER_NONNULL = YES;
				CLANG_ANALYZER_NUMBER_OBJECT_CONVERSION = YES_AGGRESSIVE;
				CLANG_CXX_LANGUAGE_STANDARD = "gnu++14";
				CLANG_CXX_LIBRARY = "libc++";
				CLANG_ENABLE_MODULES = YES;
				CLANG_ENABLE_OBJC_ARC = YES;
				CLANG_ENABLE_OBJC_WEAK = YES;
				CLANG_WARN_BLOCK_CAPTURE_AUTORELEASING = YES;
				CLANG_WARN_BOOL_CONVERSION = YES;
				CLANG_WARN_COMMA = YES;
				CLANG_WARN_CONSTANT_CONVERSION = YES;
				CLANG_WARN_DEPRECATED_OBJC_IMPLEMENTATIONS = YES;
				CLANG_WARN_DIRECT_OBJC_ISA_USAGE = YES_ERROR;
				CLANG_WARN_DOCUMENTATION_COMMENTS = YES;
				CLANG_WARN_EMPTY_BODY = YES;
				CLANG_WARN_ENUM_CONVERSION = YES;
				CLANG_WARN_INFINITE_RECURSION = YES;
				CLANG_WARN_INT_CONVERSION = YES;
				CLANG_WARN_NON_LITERAL_NULL_CONVERSION = YES;
				CLANG_WARN_OBJC_IMPLICIT_RETAIN_SELF = YES;
				CLANG_WARN_OBJC_LITERAL_CONVERSION = YES;
				CLANG_WARN_OBJC_ROOT_CLASS = YES_ERROR;
				CLANG_WARN_RANGE_LOOP_ANALYSIS = YES;
				CLANG_WARN_STRICT_PROTOTYPES = YES;
				CLANG_WARN_SUSPICIOUS_MOVE = YES;
				CLANG_WARN_UNGUARDED_AVAILABILITY = YES_AGGRESSIVE;
				CLANG_WARN_UNREACHABLE_CODE = YES;
				CLANG_WARN__DUPLICATE_METHOD_MATCH = YES;
				CODE_SIGN_IDENTITY = "iPhone Developer";
				COPY_PHASE_STRIP = NO;
				DEBUG_INFORMATION_FORMAT = dwarf;
				ENABLE_STRICT_OBJC_MSGSEND = YES;
				ENABLE_TESTABILITY = YES;
				GCC_C_LANGUAGE_STANDARD = gnu11;
				GCC_DYNAMIC_NO_PIC = NO;
				GCC_NO_COMMON_BLOCKS = YES;
				GCC_OPTIMIZATION_LEVEL = 0;
				GCC_PREPROCESSOR_DEFINITIONS = (
					"DEBUG=1",
					"$(inherited)",
				);
				GCC_WARN_64_TO_32_BIT_CONVERSION = YES;
				GCC_WARN_ABOUT_RETURN_TYPE = YES_ERROR;
				GCC_WARN_UNDECLARED_SELECTOR = YES;
				GCC_WARN_UNINITIALIZED_AUTOS = YES_AGGRESSIVE;
				GCC_WARN_UNUSED_FUNCTION = YES;
				GCC_WARN_UNUSED_VARIABLE = YES;
				IPHONEOS_DEPLOYMENT_TARGET = 12.0;
				MTL_ENABLE_DEBUG_INFO = INCLUDE_SOURCE;
				MTL_FAST_MATH = YES;
				ONLY_ACTIVE_ARCH = YES;
				SDKROOT = iphoneos;
				SWIFT_ACTIVE_COMPILATION_CONDITIONS = DEBUG;
				SWIFT_OPTIMIZATION_LEVEL = "-Onone";
			};
			name = Debug;
		};
		293802D0221BF3A200BB2B16 /* Release */ = {
			isa = XCBuildConfiguration;
			buildSettings = {
				ALWAYS_SEARCH_USER_PATHS = NO;
				CLANG_ANALYZER_NONNULL = YES;
				CLANG_ANALYZER_NUMBER_OBJECT_CONVERSION = YES_AGGRESSIVE;
				CLANG_CXX_LANGUAGE_STANDARD = "gnu++14";
				CLANG_CXX_LIBRARY = "libc++";
				CLANG_ENABLE_MODULES = YES;
				CLANG_ENABLE_OBJC_ARC = YES;
				CLANG_ENABLE_OBJC_WEAK = YES;
				CLANG_WARN_BLOCK_CAPTURE_AUTORELEASING = YES;
				CLANG_WARN_BOOL_CONVERSION = YES;
				CLANG_WARN_COMMA = YES;
				CLANG_WARN_CONSTANT_CONVERSION = YES;
				CLANG_WARN_DEPRECATED_OBJC_IMPLEMENTATIONS = YES;
				CLANG_WARN_DIRECT_OBJC_ISA_USAGE = YES_ERROR;
				CLANG_WARN_DOCUMENTATION_COMMENTS = YES;
				CLANG_WARN_EMPTY_BODY = YES;
				CLANG_WARN_ENUM_CONVERSION = YES;
				CLANG_WARN_INFINITE_RECURSION = YES;
				CLANG_WARN_INT_CONVERSION = YES;
				CLANG_WARN_NON_LITERAL_NULL_CONVERSION = YES;
				CLANG_WARN_OBJC_IMPLICIT_RETAIN_SELF = YES;
				CLANG_WARN_OBJC_LITERAL_CONVERSION = YES;
				CLANG_WARN_OBJC_ROOT_CLASS = YES_ERROR;
				CLANG_WARN_RANGE_LOOP_ANALYSIS = YES;
				CLANG_WARN_STRICT_PROTOTYPES = YES;
				CLANG_WARN_SUSPICIOUS_MOVE = YES;
				CLANG_WARN_UNGUARDED_AVAILABILITY = YES_AGGRESSIVE;
				CLANG_WARN_UNREACHABLE_CODE = YES;
				CLANG_WARN__DUPLICATE_METHOD_MATCH = YES;
				CODE_SIGN_IDENTITY = "iPhone Developer";
				COPY_PHASE_STRIP = NO;
				DEBUG_INFORMATION_FORMAT = "dwarf-with-dsym";
				ENABLE_NS_ASSERTIONS = NO;
				ENABLE_STRICT_OBJC_MSGSEND = YES;
				GCC_C_LANGUAGE_STANDARD = gnu11;
				GCC_NO_COMMON_BLOCKS = YES;
				GCC_WARN_64_TO_32_BIT_CONVERSION = YES;
				GCC_WARN_ABOUT_RETURN_TYPE = YES_ERROR;
				GCC_WARN_UNDECLARED_SELECTOR = YES;
				GCC_WARN_UNINITIALIZED_AUTOS = YES_AGGRESSIVE;
				GCC_WARN_UNUSED_FUNCTION = YES;
				GCC_WARN_UNUSED_VARIABLE = YES;
				IPHONEOS_DEPLOYMENT_TARGET = 12.0;
				MTL_ENABLE_DEBUG_INFO = NO;
				MTL_FAST_MATH = YES;
				SDKROOT = iphoneos;
				SWIFT_COMPILATION_MODE = wholemodule;
				SWIFT_OPTIMIZATION_LEVEL = "-O";
				VALIDATE_PRODUCT = YES;
			};
			name = Release;
		};
		293802D2221BF3A200BB2B16 /* Debug */ = {
			isa = XCBuildConfiguration;
			buildSettings = {
				ASSETCATALOG_COMPILER_APPICON_NAME = AppIcon;
				CODE_SIGN_STYLE = Automatic;
				DEVELOPMENT_TEAM = B989SMZ93Y;
				INFOPLIST_FILE = SubviewInTableViewExperiment/Info.plist;
				LD_RUNPATH_SEARCH_PATHS = (
					"$(inherited)",
					"@executable_path/Frameworks",
				);
				PRODUCT_BUNDLE_IDENTIFIER = com.example.SubviewInTableViewExperiment;
				PRODUCT_NAME = "$(TARGET_NAME)";
				SWIFT_VERSION = 4.2;
				TARGETED_DEVICE_FAMILY = "1,2";
			};
			name = Debug;
		};
		293802D3221BF3A200BB2B16 /* Release */ = {
			isa = XCBuildConfiguration;
			buildSettings = {
				ASSETCATALOG_COMPILER_APPICON_NAME = AppIcon;
				CODE_SIGN_STYLE = Automatic;
				DEVELOPMENT_TEAM = B989SMZ93Y;
				INFOPLIST_FILE = SubviewInTableViewExperiment/Info.plist;
				LD_RUNPATH_SEARCH_PATHS = (
					"$(inherited)",
					"@executable_path/Frameworks",
				);
				PRODUCT_BUNDLE_IDENTIFIER = com.example.SubviewInTableViewExperiment;
				PRODUCT_NAME = "$(TARGET_NAME)";
				SWIFT_VERSION = 4.2;
				TARGETED_DEVICE_FAMILY = "1,2";
			};
			name = Release;
		};
/* End XCBuildConfiguration section */

/* Begin XCConfigurationList section */
		293802BA221BF3A100BB2B16 /* Build configuration list for PBXProject "SubviewInTableViewExperiment" */ = {
			isa = XCConfigurationList;
			buildConfigurations = (
				293802CF221BF3A200BB2B16 /* Debug */,
				293802D0221BF3A200BB2B16 /* Release */,
			);
			defaultConfigurationIsVisible = 0;
			defaultConfigurationName = Release;
		};
		293802D1221BF3A200BB2B16 /* Build configuration list for PBXNativeTarget "SubviewInTableViewExperiment" */ = {
			isa = XCConfigurationList;
			buildConfigurations = (
				293802D2221BF3A200BB2B16 /* Debug */,
				293802D3221BF3A200BB2B16 /* Release */,
			);
			defaultConfigurationIsVisible = 0;
			defaultConfigurationName = Release;
		};
/* End XCConfigurationList section */
	};
	rootObject = 293802B7221BF3A100BB2B16 /* Project object */;
}
